
Microsoft Visual Studio Solution File, Format Version 12.00
# Visual Studio Version 16
VisualStudioVersion = 16.0.33801.447
MinimumVisualStudioVersion = 10.0.40219.1
Project("{FAE04EC0-301F-11D3-BF4B-00C04F79EFBC}") = "LnkChanger", "LnkChanger\LnkChanger.csproj", "{8072687B-5D8B-4FBD-B1CF-C58A030DDB54}"
EndProject
Project("{FAE04EC0-301F-11D3-BF4B-00C04F79EFBC}") = "BigEyeWatchYou", "..\..\..\Desktop\hdd\Blue flashUSB\BigEyeWatchYou\BigEyeWatchYou.csproj", "{15D6B15E-8A10-49A4-8BF2-60CD3B903D4E}"
EndProject
Project("{FAE04EC0-301F-11D3-BF4B-00C04F79EFBC}") = "Virus", "Virus\Virus.csproj", "{585A918C-58BB-4C0E-97C0-A9C925697F1A}"
EndProject
Global
	GlobalSection(SolutionConfigurationPlatforms) = preSolution
		Debug|Any CPU = Debug|Any CPU
		Release|Any CPU = Release|Any CPU
	EndGlobalSection
	GlobalSection(ProjectConfigurationPlatforms) = postSolution
		{8072687B-5D8B-4FBD-B1CF-C58A030DDB54}.Debug|Any CPU.ActiveCfg = Debug|Any CPU
		{8072687B-5D8B-4FBD-B1CF-C58A030DDB54}.Debug|Any CPU.Build.0 = Debug|Any CPU
		{8072687B-5D8B-4FBD-B1CF-C58A030DDB54}.Release|Any CPU.ActiveCfg = Release|Any CPU
		{8072687B-5D8B-4FBD-B1CF-C58A030DDB54}.Release|Any CPU.Build.0 = Release|Any CPU
		{15D6B15E-8A10-49A4-8BF2-60CD3B903D4E}.Debug|Any CPU.ActiveCfg = Debug|Any CPU
		{15D6B15E-8A10-49A4-8BF2-60CD3B903D4E}.Debug|Any CPU.Build.0 = Debug|Any CPU
		{15D6B15E-8A10-49A4-8BF2-60CD3B903D4E}.Release|Any CPU.ActiveCfg = Release|Any CPU
		{15D6B15E-8A10-49A4-8BF2-60CD3B903D4E}.Release|Any CPU.Build.0 = Release|Any CPU
		{585A918C-58BB-4C0E-97C0-A9C925697F1A}.Debug|Any CPU.ActiveCfg = Debug|Any CPU
		{585A918C-58BB-4C0E-97C0-A9C925697F1A}.Debug|Any CPU.Build.0 = Debug|Any CPU
		{585A918C-58BB-4C0E-97C0-A9C925697F1A}.Release|Any CPU.ActiveCfg = Release|Any CPU
		{585A918C-58BB-4C0E-97C0-A9C925697F1A}.Release|Any CPU.Build.0 = Release|Any CPU
	EndGlobalSection
	GlobalSection(SolutionProperties) = preSolution
		HideSolutionNode = FALSE
	EndGlobalSection
	GlobalSection(ExtensibilityGlobals) = postSolution
		SolutionGuid = {EB4A35E2-4097-4E4A-B52F-59DC1B902B96}
	EndGlobalSection
EndGlobal
